
Microsoft Visual Studio Solution File, Format Version 12.00
# Visual Studio 15
Project("{FAE04EC0-301F-11D3-BF4B-00C04F79EFBC}") = "Assembly-CSharp", "Assembly-CSharp.csproj", "{33E8697D-F2C9-F889-D998-1A6A60804EBC}"
EndProject
Project("{FAE04EC0-301F-11D3-BF4B-00C04F79EFBC}") = "Assembly-CSharp-Editor", "Assembly-CSharp-Editor.csproj", "{FFF5B291-4B47-AE1E-8061-917CFEDDBA16}"
EndProject
Global
	GlobalSection(SolutionConfigurationPlatforms) = preSolution
		Debug|Any CPU = Debug|Any CPU
		Release|Any CPU = Release|Any CPU
	EndGlobalSection
	GlobalSection(ProjectConfigurationPlatforms) = postSolution
		{33E8697D-F2C9-F889-D998-1A6A60804EBC}.Debug|Any CPU.ActiveCfg = Debug|Any CPU
		{33E8697D-F2C9-F889-D998-1A6A60804EBC}.Debug|Any CPU.Build.0 = Debug|Any CPU
		{33E8697D-F2C9-F889-D998-1A6A60804EBC}.Release|Any CPU.ActiveCfg = Release|Any CPU
		{33E8697D-F2C9-F889-D998-1A6A60804EBC}.Release|Any CPU.Build.0 = Release|Any CPU
		{FFF5B291-4B47-AE1E-8061-917CFEDDBA16}.Debug|Any CPU.ActiveCfg = Debug|Any CPU
		{FFF5B291-4B47-AE1E-8061-917CFEDDBA16}.Debug|Any CPU.Build.0 = Debug|Any CPU
		{FFF5B291-4B47-AE1E-8061-917CFEDDBA16}.Release|Any CPU.ActiveCfg = Release|Any CPU
		{FFF5B291-4B47-AE1E-8061-917CFEDDBA16}.Release|Any CPU.Build.0 = Release|Any CPU
	EndGlobalSection
	GlobalSection(SolutionProperties) = preSolution
		HideSolutionNode = FALSE
	EndGlobalSection
EndGlobal
